
Microsoft Visual Studio Solution File, Format Version 12.00
# Visual Studio Version 17
VisualStudioVersion = 17.7.34009.444
MinimumVisualStudioVersion = 10.0.40219.1
Project("{FAE04EC0-301F-11D3-BF4B-00C04F79EFBC}") = "Taschenrechner 1", "Taschenrechner 1.csproj", "{21846465-DA27-45CE-A894-61D2D3B3F796}"
EndProject
Global
	GlobalSection(SolutionConfigurationPlatforms) = preSolution
		Debug|Any CPU = Debug|Any CPU
		Release|Any CPU = Release|Any CPU
	EndGlobalSection
	GlobalSection(ProjectConfigurationPlatforms) = postSolution
		{21846465-DA27-45CE-A894-61D2D3B3F796}.Debug|Any CPU.ActiveCfg = Debug|Any CPU
		{21846465-DA27-45CE-A894-61D2D3B3F796}.Debug|Any CPU.Build.0 = Debug|Any CPU
		{21846465-DA27-45CE-A894-61D2D3B3F796}.Release|Any CPU.ActiveCfg = Release|Any CPU
		{21846465-DA27-45CE-A894-61D2D3B3F796}.Release|Any CPU.Build.0 = Release|Any CPU
	EndGlobalSection
	GlobalSection(SolutionProperties) = preSolution
		HideSolutionNode = FALSE
	EndGlobalSection
	GlobalSection(ExtensibilityGlobals) = postSolution
		SolutionGuid = {B49F1D24-B1F8-4634-9339-9D428EA57B6F}
	EndGlobalSection
EndGlobal
